// !$*UTF8*$!
{
	archiveVersion = 1;
	classes = {
	};
	objectVersion = 50;
	objects = {

/* Begin PBXBuildFile section */
		C49321562398D0C300C17FCF /* AppDelegate.swift in Sources */ = {isa = PBXBuildFile; fileRef = C49321552398D0C300C17FCF /* AppDelegate.swift */; };
		C49321582398D0C300C17FCF /* ViewController.swift in Sources */ = {isa = PBXBuildFile; fileRef = C49321572398D0C300C17FCF /* ViewController.swift */; };
		C493215B2398D0C300C17FCF /* Main.storyboard in Resources */ = {isa = PBXBuildFile; fileRef = C49321592398D0C300C17FCF /* Main.storyboard */; };
		C493215E2398D0C300C17FCF /* SearchMovieReview.xcdatamodeld in Sources */ = {isa = PBXBuildFile; fileRef = C493215C2398D0C300C17FCF /* SearchMovieReview.xcdatamodeld */; };
		C49321602398D0D800C17FCF /* Assets.xcassets in Resources */ = {isa = PBXBuildFile; fileRef = C493215F2398D0D800C17FCF /* Assets.xcassets */; };
		C49321632398D0D900C17FCF /* LaunchScreen.storyboard in Resources */ = {isa = PBXBuildFile; fileRef = C49321612398D0D900C17FCF /* LaunchScreen.storyboard */; };
		C493216E2398D0DB00C17FCF /* SearchMovieReviewTests.swift in Sources */ = {isa = PBXBuildFile; fileRef = C493216D2398D0DB00C17FCF /* SearchMovieReviewTests.swift */; };
/* End PBXBuildFile section */

/* Begin PBXContainerItemProxy section */
		C493216A2398D0DA00C17FCF /* PBXContainerItemProxy */ = {
			isa = PBXContainerItemProxy;
			containerPortal = C493214A2398D0C300C17FCF /* Project object */;
			proxyType = 1;
			remoteGlobalIDString = C49321512398D0C300C17FCF;
			remoteInfo = SearchMovieReview;
		};
/* End PBXContainerItemProxy section */

/* Begin PBXFileReference section */
		C49321522398D0C300C17FCF /* SearchMovieReview.app */ = {isa = PBXFileReference; explicitFileType = wrapper.application; includeInIndex = 0; path = SearchMovieReview.app; sourceTree = BUILT_PRODUCTS_DIR; };
		C49321552398D0C300C17FCF /* AppDelegate.swift */ = {isa = PBXFileReference; lastKnownFileType = sourcecode.swift; path = AppDelegate.swift; sourceTree = "<group>"; };
		C49321572398D0C300C17FCF /* ViewController.swift */ = {isa = PBXFileReference; lastKnownFileType = sourcecode.swift; path = ViewController.swift; sourceTree = "<group>"; };
		C493215A2398D0C300C17FCF /* Base */ = {isa = PBXFileReference; lastKnownFileType = file.storyboard; name = Base; path = Base.lproj/Main.storyboard; sourceTree = "<group>"; };
		C493215D2398D0C300C17FCF /* SearchMovieReview.xcdatamodel */ = {isa = PBXFileReference; lastKnownFileType = wrapper.xcdatamodel; path = SearchMovieReview.xcdatamodel; sourceTree = "<group>"; };
		C493215F2398D0D800C17FCF /* Assets.xcassets */ = {isa = PBXFileReference; lastKnownFileType = folder.assetcatalog; path = Assets.xcassets; sourceTree = "<group>"; };
		C49321622398D0D900C17FCF /* Base */ = {isa = PBXFileReference; lastKnownFileType = file.storyboard; name = Base; path = Base.lproj/LaunchScreen.storyboard; sourceTree = "<group>"; };
		C49321642398D0DA00C17FCF /* Info.plist */ = {isa = PBXFileReference; lastKnownFileType = text.plist.xml; path = Info.plist; sourceTree = "<group>"; };
		C49321692398D0DA00C17FCF /* SearchMovieReviewTests.xctest */ = {isa = PBXFileReference; explicitFileType = wrapper.cfbundle; includeInIndex = 0; path = SearchMovieReviewTests.xctest; sourceTree = BUILT_PRODUCTS_DIR; };
		C493216D2398D0DB00C17FCF /* SearchMovieReviewTests.swift */ = {isa = PBXFileReference; lastKnownFileType = sourcecode.swift; path = SearchMovieReviewTests.swift; sourceTree = "<group>"; };
		C493216F2398D0DB00C17FCF /* Info.plist */ = {isa = PBXFileReference; lastKnownFileType = text.plist.xml; path = Info.plist; sourceTree = "<group>"; };
/* End PBXFileReference section */

/* Begin PBXFrameworksBuildPhase section */
		C493214F2398D0C300C17FCF /* Frameworks */ = {
			isa = PBXFrameworksBuildPhase;
			buildActionMask = 2147483647;
			files = (
			);
			runOnlyForDeploymentPostprocessing = 0;
		};
		C49321662398D0DA00C17FCF /* Frameworks */ = {
			isa = PBXFrameworksBuildPhase;
			buildActionMask = 2147483647;
			files = (
			);
			runOnlyForDeploymentPostprocessing = 0;
		};
/* End PBXFrameworksBuildPhase section */

/* Begin PBXGroup section */
		C49321492398D0C300C17FCF = {
			isa = PBXGroup;
			children = (
				C49321542398D0C300C17FCF /* SearchMovieReview */,
				C493216C2398D0DA00C17FCF /* SearchMovieReviewTests */,
				C49321532398D0C300C17FCF /* Products */,
			);
			sourceTree = "<group>";
		};
		C49321532398D0C300C17FCF /* Products */ = {
			isa = PBXGroup;
			children = (
				C49321522398D0C300C17FCF /* SearchMovieReview.app */,
				C49321692398D0DA00C17FCF /* SearchMovieReviewTests.xctest */,
			);
			name = Products;
			sourceTree = "<group>";
		};
		C49321542398D0C300C17FCF /* SearchMovieReview */ = {
			isa = PBXGroup;
			children = (
				C49321552398D0C300C17FCF /* AppDelegate.swift */,
				C49321572398D0C300C17FCF /* ViewController.swift */,
				C49321592398D0C300C17FCF /* Main.storyboard */,
				C493215F2398D0D800C17FCF /* Assets.xcassets */,
				C49321612398D0D900C17FCF /* LaunchScreen.storyboard */,
				C49321642398D0DA00C17FCF /* Info.plist */,
				C493215C2398D0C300C17FCF /* SearchMovieReview.xcdatamodeld */,
			);
			path = SearchMovieReview;
			sourceTree = "<group>";
		};
		C493216C2398D0DA00C17FCF /* SearchMovieReviewTests */ = {
			isa = PBXGroup;
			children = (
				C493216D2398D0DB00C17FCF /* SearchMovieReviewTests.swift */,
				C493216F2398D0DB00C17FCF /* Info.plist */,
			);
			path = SearchMovieReviewTests;
			sourceTree = "<group>";
		};
/* End PBXGroup section */

/* Begin PBXNativeTarget section */
		C49321512398D0C300C17FCF /* SearchMovieReview */ = {
			isa = PBXNativeTarget;
			buildConfigurationList = C49321722398D0DB00C17FCF /* Build configuration list for PBXNativeTarget "SearchMovieReview" */;
			buildPhases = (
				C493214E2398D0C300C17FCF /* Sources */,
				C493214F2398D0C300C17FCF /* Frameworks */,
				C49321502398D0C300C17FCF /* Resources */,
			);
			buildRules = (
			);
			dependencies = (
			);
			name = SearchMovieReview;
			productName = SearchMovieReview;
			productReference = C49321522398D0C300C17FCF /* SearchMovieReview.app */;
			productType = "com.apple.product-type.application";
		};
		C49321682398D0DA00C17FCF /* SearchMovieReviewTests */ = {
			isa = PBXNativeTarget;
			buildConfigurationList = C49321752398D0DB00C17FCF /* Build configuration list for PBXNativeTarget "SearchMovieReviewTests" */;
			buildPhases = (
				C49321652398D0DA00C17FCF /* Sources */,
				C49321662398D0DA00C17FCF /* Frameworks */,
				C49321672398D0DA00C17FCF /* Resources */,
			);
			buildRules = (
			);
			dependencies = (
				C493216B2398D0DA00C17FCF /* PBXTargetDependency */,
			);
			name = SearchMovieReviewTests;
			productName = SearchMovieReviewTests;
			productReference = C49321692398D0DA00C17FCF /* SearchMovieReviewTests.xctest */;
			productType = "com.apple.product-type.bundle.unit-test";
		};
/* End PBXNativeTarget section */

/* Begin PBXProject section */
		C493214A2398D0C300C17FCF /* Project object */ = {
			isa = PBXProject;
			attributes = {
				LastSwiftUpdateCheck = 1030;
				LastUpgradeCheck = 1030;
				ORGANIZATIONNAME = "Himanshu Saraswat";
				TargetAttributes = {
					C49321512398D0C300C17FCF = {
						CreatedOnToolsVersion = 10.3;
					};
					C49321682398D0DA00C17FCF = {
						CreatedOnToolsVersion = 10.3;
						TestTargetID = C49321512398D0C300C17FCF;
					};
				};
			};
			buildConfigurationList = C493214D2398D0C300C17FCF /* Build configuration list for PBXProject "SearchMovieReview" */;
			compatibilityVersion = "Xcode 9.3";
			developmentRegion = en;
			hasScannedForEncodings = 0;
			knownRegions = (
				en,
				Base,
			);
			mainGroup = C49321492398D0C300C17FCF;
			productRefGroup = C49321532398D0C300C17FCF /* Products */;
			projectDirPath = "";
			projectRoot = "";
			targets = (
				C49321512398D0C300C17FCF /* SearchMovieReview */,
				C49321682398D0DA00C17FCF /* SearchMovieReviewTests */,
			);
		};
/* End PBXProject section */

/* Begin PBXResourcesBuildPhase section */
		C49321502398D0C300C17FCF /* Resources */ = {
			isa = PBXResourcesBuildPhase;
			buildActionMask = 2147483647;
			files = (
				C49321632398D0D900C17FCF /* LaunchScreen.storyboard in Resources */,
				C49321602398D0D800C17FCF /* Assets.xcassets in Resources */,
				C493215B2398D0C300C17FCF /* Main.storyboard in Resources */,
			);
			runOnlyForDeploymentPostprocessing = 0;
		};
		C49321672398D0DA00C17FCF /* Resources */ = {
			isa = PBXResourcesBuildPhase;
			buildActionMask = 2147483647;
			files = (
			);
			runOnlyForDeploymentPostprocessing = 0;
		};
/* End PBXResourcesBuildPhase section */

/* Begin PBXSourcesBuildPhase section */
		C493214E2398D0C300C17FCF /* Sources */ = {
			isa = PBXSourcesBuildPhase;
			buildActionMask = 2147483647;
			files = (
				C49321582398D0C300C17FCF /* ViewController.swift in Sources */,
				C493215E2398D0C300C17FCF /* SearchMovieReview.xcdatamodeld in Sources */,
				C49321562398D0C300C17FCF /* AppDelegate.swift in Sources */,
			);
			runOnlyForDeploymentPostprocessing = 0;
		};
		C49321652398D0DA00C17FCF /* Sources */ = {
			isa = PBXSourcesBuildPhase;
			buildActionMask = 2147483647;
			files = (
				C493216E2398D0DB00C17FCF /* SearchMovieReviewTests.swift in Sources */,
			);
			runOnlyForDeploymentPostprocessing = 0;
		};
/* End PBXSourcesBuildPhase section */

/* Begin PBXTargetDependency section */
		C493216B2398D0DA00C17FCF /* PBXTargetDependency */ = {
			isa = PBXTargetDependency;
			target = C49321512398D0C300C17FCF /* SearchMovieReview */;
			targetProxy = C493216A2398D0DA00C17FCF /* PBXContainerItemProxy */;
		};
/* End PBXTargetDependency section */

/* Begin PBXVariantGroup section */
		C49321592398D0C300C17FCF /* Main.storyboard */ = {
			isa = PBXVariantGroup;
			children = (
				C493215A2398D0C300C17FCF /* Base */,
			);
			name = Main.storyboard;
			sourceTree = "<group>";
		};
		C49321612398D0D900C17FCF /* LaunchScreen.storyboard */ = {
			isa = PBXVariantGroup;
			children = (
				C49321622398D0D900C17FCF /* Base */,
			);
			name = LaunchScreen.storyboard;
			sourceTree = "<group>";
		};
/* End PBXVariantGroup section */

/* Begin XCBuildConfiguration section */
		C49321702398D0DB00C17FCF /* Debug */ = {
			isa = XCBuildConfiguration;
			buildSettings = {
				ALWAYS_SEARCH_USER_PATHS = NO;
				CLANG_ANALYZER_NONNULL = YES;
				CLANG_ANALYZER_NUMBER_OBJECT_CONVERSION = YES_AGGRESSIVE;
				CLANG_CXX_LANGUAGE_STANDARD = "gnu++14";
				CLANG_CXX_LIBRARY = "libc++";
				CLANG_ENABLE_MODULES = YES;
				CLANG_ENABLE_OBJC_ARC = YES;
				CLANG_ENABLE_OBJC_WEAK = YES;
				CLANG_WARN_BLOCK_CAPTURE_AUTORELEASING = YES;
				CLANG_WARN_BOOL_CONVERSION = YES;
				CLANG_WARN_COMMA = YES;
				CLANG_WARN_CONSTANT_CONVERSION = YES;
				CLANG_WARN_DEPRECATED_OBJC_IMPLEMENTATIONS = YES;
				CLANG_WARN_DIRECT_OBJC_ISA_USAGE = YES_ERROR;
				CLANG_WARN_DOCUMENTATION_COMMENTS = YES;
				CLANG_WARN_EMPTY_BODY = YES;
				CLANG_WARN_ENUM_CONVERSION = YES;
				CLANG_WARN_INFINITE_RECURSION = YES;
				CLANG_WARN_INT_CONVERSION = YES;
				CLANG_WARN_NON_LITERAL_NULL_CONVERSION = YES;
				CLANG_WARN_OBJC_IMPLICIT_RETAIN_SELF = YES;
				CLANG_WARN_OBJC_LITERAL_CONVERSION = YES;
				CLANG_WARN_OBJC_ROOT_CLASS = YES_ERROR;
				CLANG_WARN_RANGE_LOOP_ANALYSIS = YES;
				CLANG_WARN_STRICT_PROTOTYPES = YES;
				CLANG_WARN_SUSPICIOUS_MOVE = YES;
				CLANG_WARN_UNGUARDED_AVAILABILITY = YES_AGGRESSIVE;
				CLANG_WARN_UNREACHABLE_CODE = YES;
				CLANG_WARN__DUPLICATE_METHOD_MATCH = YES;
				CODE_SIGN_IDENTITY = "iPhone Developer";
				COPY_PHASE_STRIP = NO;
				DEBUG_INFORMATION_FORMAT = dwarf;
				ENABLE_STRICT_OBJC_MSGSEND = YES;
				ENABLE_TESTABILITY = YES;
				GCC_C_LANGUAGE_STANDARD = gnu11;
				GCC_DYNAMIC_NO_PIC = NO;
				GCC_NO_COMMON_BLOCKS = YES;
				GCC_OPTIMIZATION_LEVEL = 0;
				GCC_PREPROCESSOR_DEFINITIONS = (
					"DEBUG=1",
					"$(inherited)",
				);
				GCC_WARN_64_TO_32_BIT_CONVERSION = YES;
				GCC_WARN_ABOUT_RETURN_TYPE = YES_ERROR;
				GCC_WARN_UNDECLARED_SELECTOR = YES;
				GCC_WARN_UNINITIALIZED_AUTOS = YES_AGGRESSIVE;
				GCC_WARN_UNUSED_FUNCTION = YES;
				GCC_WARN_UNUSED_VARIABLE = YES;
				IPHONEOS_DEPLOYMENT_TARGET = 12.4;
				MTL_ENABLE_DEBUG_INFO = INCLUDE_SOURCE;
				MTL_FAST_MATH = YES;
				ONLY_ACTIVE_ARCH = YES;
				SDKROOT = iphoneos;
				SWIFT_ACTIVE_COMPILATION_CONDITIONS = DEBUG;
				SWIFT_OPTIMIZATION_LEVEL = "-Onone";
			};
			name = Debug;
		};
		C49321712398D0DB00C17FCF /* Release */ = {
			isa = XCBuildConfiguration;
			buildSettings = {
				ALWAYS_SEARCH_USER_PATHS = NO;
				CLANG_ANALYZER_NONNULL = YES;
				CLANG_ANALYZER_NUMBER_OBJECT_CONVERSION = YES_AGGRESSIVE;
				CLANG_CXX_LANGUAGE_STANDARD = "gnu++14";
				CLANG_CXX_LIBRARY = "libc++";
				CLANG_ENABLE_MODULES = YES;
				CLANG_ENABLE_OBJC_ARC = YES;
				CLANG_ENABLE_OBJC_WEAK = YES;
				CLANG_WARN_BLOCK_CAPTURE_AUTORELEASING = YES;
				CLANG_WARN_BOOL_CONVERSION = YES;
				CLANG_WARN_COMMA = YES;
				CLANG_WARN_CONSTANT_CONVERSION = YES;
				CLANG_WARN_DEPRECATED_OBJC_IMPLEMENTATIONS = YES;
				CLANG_WARN_DIRECT_OBJC_ISA_USAGE = YES_ERROR;
				CLANG_WARN_DOCUMENTATION_COMMENTS = YES;
				CLANG_WARN_EMPTY_BODY = YES;
				CLANG_WARN_ENUM_CONVERSION = YES;
				CLANG_WARN_INFINITE_RECURSION = YES;
				CLANG_WARN_INT_CONVERSION = YES;
				CLANG_WARN_NON_LITERAL_NULL_CONVERSION = YES;
				CLANG_WARN_OBJC_IMPLICIT_RETAIN_SELF = YES;
				CLANG_WARN_OBJC_LITERAL_CONVERSION = YES;
				CLANG_WARN_OBJC_ROOT_CLASS = YES_ERROR;
				CLANG_WARN_RANGE_LOOP_ANALYSIS = YES;
				CLANG_WARN_STRICT_PROTOTYPES = YES;
				CLANG_WARN_SUSPICIOUS_MOVE = YES;
				CLANG_WARN_UNGUARDED_AVAILABILITY = YES_AGGRESSIVE;
				CLANG_WARN_UNREACHABLE_CODE = YES;
				CLANG_WARN__DUPLICATE_METHOD_MATCH = YES;
				CODE_SIGN_IDENTITY = "iPhone Developer";
				COPY_PHASE_STRIP = NO;
				DEBUG_INFORMATION_FORMAT = "dwarf-with-dsym";
				ENABLE_NS_ASSERTIONS = NO;
				ENABLE_STRICT_OBJC_MSGSEND = YES;
				GCC_C_LANGUAGE_STANDARD = gnu11;
				GCC_NO_COMMON_BLOCKS = YES;
				GCC_WARN_64_TO_32_BIT_CONVERSION = YES;
				GCC_WARN_ABOUT_RETURN_TYPE = YES_ERROR;
				GCC_WARN_UNDECLARED_SELECTOR = YES;
				GCC_WARN_UNINITIALIZED_AUTOS = YES_AGGRESSIVE;
				GCC_WARN_UNUSED_FUNCTION = YES;
				GCC_WARN_UNUSED_VARIABLE = YES;
				IPHONEOS_DEPLOYMENT_TARGET = 12.4;
				MTL_ENABLE_DEBUG_INFO = NO;
				MTL_FAST_MATH = YES;
				SDKROOT = iphoneos;
				SWIFT_COMPILATION_MODE = wholemodule;
				SWIFT_OPTIMIZATION_LEVEL = "-O";
				VALIDATE_PRODUCT = YES;
			};
			name = Release;
		};
		C49321732398D0DB00C17FCF /* Debug */ = {
			isa = XCBuildConfiguration;
			buildSettings = {
				ASSETCATALOG_COMPILER_APPICON_NAME = AppIcon;
				CODE_SIGN_STYLE = Automatic;
				INFOPLIST_FILE = SearchMovieReview/Info.plist;
				LD_RUNPATH_SEARCH_PATHS = (
					"$(inherited)",
					"@executable_path/Frameworks",
				);
				PRODUCT_BUNDLE_IDENTIFIER = com.test.data.SearchMovieReview;
				PRODUCT_NAME = "$(TARGET_NAME)";
				SWIFT_VERSION = 5.0;
				TARGETED_DEVICE_FAMILY = "1,2";
			};
			name = Debug;
		};
		C49321742398D0DB00C17FCF /* Release */ = {
			isa = XCBuildConfiguration;
			buildSettings = {
				ASSETCATALOG_COMPILER_APPICON_NAME = AppIcon;
				CODE_SIGN_STYLE = Automatic;
				INFOPLIST_FILE = SearchMovieReview/Info.plist;
				LD_RUNPATH_SEARCH_PATHS = (
					"$(inherited)",
					"@executable_path/Frameworks",
				);
				PRODUCT_BUNDLE_IDENTIFIER = com.test.data.SearchMovieReview;
				PRODUCT_NAME = "$(TARGET_NAME)";
				SWIFT_VERSION = 5.0;
				TARGETED_DEVICE_FAMILY = "1,2";
			};
			name = Release;
		};
		C49321762398D0DB00C17FCF /* Debug */ = {
			isa = XCBuildConfiguration;
			buildSettings = {
				ALWAYS_EMBED_SWIFT_STANDARD_LIBRARIES = YES;
				BUNDLE_LOADER = "$(TEST_HOST)";
				CODE_SIGN_STYLE = Automatic;
				INFOPLIST_FILE = SearchMovieReviewTests/Info.plist;
				LD_RUNPATH_SEARCH_PATHS = (
					"$(inherited)",
					"@executable_path/Frameworks",
					"@loader_path/Frameworks",
				);
				PRODUCT_BUNDLE_IDENTIFIER = com.test.data.SearchMovieReviewTests;
				PRODUCT_NAME = "$(TARGET_NAME)";
				SWIFT_VERSION = 5.0;
				TARGETED_DEVICE_FAMILY = "1,2";
				TEST_HOST = "$(BUILT_PRODUCTS_DIR)/SearchMovieReview.app/SearchMovieReview";
			};
			name = Debug;
		};
		C49321772398D0DB00C17FCF /* Release */ = {
			isa = XCBuildConfiguration;
			buildSettings = {
				ALWAYS_EMBED_SWIFT_STANDARD_LIBRARIES = YES;
				BUNDLE_LOADER = "$(TEST_HOST)";
				CODE_SIGN_STYLE = Automatic;
				INFOPLIST_FILE = SearchMovieReviewTests/Info.plist;
				LD_RUNPATH_SEARCH_PATHS = (
					"$(inherited)",
					"@executable_path/Frameworks",
					"@loader_path/Frameworks",
				);
				PRODUCT_BUNDLE_IDENTIFIER = com.test.data.SearchMovieReviewTests;
				PRODUCT_NAME = "$(TARGET_NAME)";
				SWIFT_VERSION = 5.0;
				TARGETED_DEVICE_FAMILY = "1,2";
				TEST_HOST = "$(BUILT_PRODUCTS_DIR)/SearchMovieReview.app/SearchMovieReview";
			};
			name = Release;
		};
/* End XCBuildConfiguration section */

/* Begin XCConfigurationList section */
		C493214D2398D0C300C17FCF /* Build configuration list for PBXProject "SearchMovieReview" */ = {
			isa = XCConfigurationList;
			buildConfigurations = (
				C49321702398D0DB00C17FCF /* Debug */,
				C49321712398D0DB00C17FCF /* Release */,
			);
			defaultConfigurationIsVisible = 0;
			defaultConfigurationName = Release;
		};
		C49321722398D0DB00C17FCF /* Build configuration list for PBXNativeTarget "SearchMovieReview" */ = {
			isa = XCConfigurationList;
			buildConfigurations = (
				C49321732398D0DB00C17FCF /* Debug */,
				C49321742398D0DB00C17FCF /* Release */,
			);
			defaultConfigurationIsVisible = 0;
			defaultConfigurationName = Release;
		};
		C49321752398D0DB00C17FCF /* Build configuration list for PBXNativeTarget "SearchMovieReviewTests" */ = {
			isa = XCConfigurationList;
			buildConfigurations = (
				C49321762398D0DB00C17FCF /* Debug */,
				C49321772398D0DB00C17FCF /* Release */,
			);
			defaultConfigurationIsVisible = 0;
			defaultConfigurationName = Release;
		};
/* End XCConfigurationList section */

/* Begin XCVersionGroup section */
		C493215C2398D0C300C17FCF /* SearchMovieReview.xcdatamodeld */ = {
			isa = XCVersionGroup;
			children = (
				C493215D2398D0C300C17FCF /* SearchMovieReview.xcdatamodel */,
			);
			currentVersion = C493215D2398D0C300C17FCF /* SearchMovieReview.xcdatamodel */;
			path = SearchMovieReview.xcdatamodeld;
			sourceTree = "<group>";
			versionGroupType = wrapper.xcdatamodel;
		};
/* End XCVersionGroup section */
	};
	rootObject = C493214A2398D0C300C17FCF /* Project object */;
}
